// !$*UTF8*$!
{
	archiveVersion = 1;
	classes = {
	};
	objectVersion = 46;
	objects = {

/* Begin PBXBuildFile section */
		1E810FF31E4D707700490BF3 /* Cell.swift in Sources */ = {isa = PBXBuildFile; fileRef = 1E810FF11E4D707700490BF3 /* Cell.swift */; };
		1E810FF41E4D707700490BF3 /* Cell.xib in Resources */ = {isa = PBXBuildFile; fileRef = 1E810FF21E4D707700490BF3 /* Cell.xib */; };
		1EE9AE7F1E4C119600B17F33 /* AppDelegate.swift in Sources */ = {isa = PBXBuildFile; fileRef = 1EE9AE7E1E4C119600B17F33 /* AppDelegate.swift */; };
		1EE9AE811E4C119600B17F33 /* ViewController.swift in Sources */ = {isa = PBXBuildFile; fileRef = 1EE9AE801E4C119600B17F33 /* ViewController.swift */; };
		1EE9AE841E4C119600B17F33 /* Main.storyboard in Resources */ = {isa = PBXBuildFile; fileRef = 1EE9AE821E4C119600B17F33 /* Main.storyboard */; };
		1EE9AE861E4C119600B17F33 /* Assets.xcassets in Resources */ = {isa = PBXBuildFile; fileRef = 1EE9AE851E4C119600B17F33 /* Assets.xcassets */; };
		1EE9AE891E4C119600B17F33 /* LaunchScreen.storyboard in Resources */ = {isa = PBXBuildFile; fileRef = 1EE9AE871E4C119600B17F33 /* LaunchScreen.storyboard */; };
/* End PBXBuildFile section */

/* Begin PBXFileReference section */
		1E810FF11E4D707700490BF3 /* Cell.swift */ = {isa = PBXFileReference; fileEncoding = 4; lastKnownFileType = sourcecode.swift; path = Cell.swift; sourceTree = "<group>"; };
		1E810FF21E4D707700490BF3 /* Cell.xib */ = {isa = PBXFileReference; fileEncoding = 4; lastKnownFileType = file.xib; path = Cell.xib; sourceTree = "<group>"; };
		1EE9AE7B1E4C119600B17F33 /* EzClosure.app */ = {isa = PBXFileReference; explicitFileType = wrapper.application; includeInIndex = 0; path = EzClosure.app; sourceTree = BUILT_PRODUCTS_DIR; };
		1EE9AE7E1E4C119600B17F33 /* AppDelegate.swift */ = {isa = PBXFileReference; lastKnownFileType = sourcecode.swift; path = AppDelegate.swift; sourceTree = "<group>"; };
		1EE9AE801E4C119600B17F33 /* ViewController.swift */ = {isa = PBXFileReference; lastKnownFileType = sourcecode.swift; path = ViewController.swift; sourceTree = "<group>"; };
		1EE9AE831E4C119600B17F33 /* Base */ = {isa = PBXFileReference; lastKnownFileType = file.storyboard; name = Base; path = Base.lproj/Main.storyboard; sourceTree = "<group>"; };
		1EE9AE851E4C119600B17F33 /* Assets.xcassets */ = {isa = PBXFileReference; lastKnownFileType = folder.assetcatalog; path = Assets.xcassets; sourceTree = "<group>"; };
		1EE9AE881E4C119600B17F33 /* Base */ = {isa = PBXFileReference; lastKnownFileType = file.storyboard; name = Base; path = Base.lproj/LaunchScreen.storyboard; sourceTree = "<group>"; };
		1EE9AE8A1E4C119600B17F33 /* Info.plist */ = {isa = PBXFileReference; lastKnownFileType = text.plist.xml; path = Info.plist; sourceTree = "<group>"; };
/* End PBXFileReference section */

/* Begin PBXFrameworksBuildPhase section */
		1EE9AE781E4C119600B17F33 /* Frameworks */ = {
			isa = PBXFrameworksBuildPhase;
			buildActionMask = 2147483647;
			files = (
			);
			runOnlyForDeploymentPostprocessing = 0;
		};
/* End PBXFrameworksBuildPhase section */

/* Begin PBXGroup section */
		1EE9AE721E4C119600B17F33 = {
			isa = PBXGroup;
			children = (
				1EE9AE7D1E4C119600B17F33 /* EzClosure */,
				1EE9AE7C1E4C119600B17F33 /* Products */,
			);
			sourceTree = "<group>";
		};
		1EE9AE7C1E4C119600B17F33 /* Products */ = {
			isa = PBXGroup;
			children = (
				1EE9AE7B1E4C119600B17F33 /* EzClosure.app */,
			);
			name = Products;
			sourceTree = "<group>";
		};
		1EE9AE7D1E4C119600B17F33 /* EzClosure */ = {
			isa = PBXGroup;
			children = (
				1EE9AE7E1E4C119600B17F33 /* AppDelegate.swift */,
				1EE9AE801E4C119600B17F33 /* ViewController.swift */,
				1EE9AE821E4C119600B17F33 /* Main.storyboard */,
				1EE9AE851E4C119600B17F33 /* Assets.xcassets */,
				1EE9AE871E4C119600B17F33 /* LaunchScreen.storyboard */,
				1EE9AE8A1E4C119600B17F33 /* Info.plist */,
				1E810FF11E4D707700490BF3 /* Cell.swift */,
				1E810FF21E4D707700490BF3 /* Cell.xib */,
			);
			path = EzClosure;
			sourceTree = "<group>";
		};
/* End PBXGroup section */

/* Begin PBXNativeTarget section */
		1EE9AE7A1E4C119600B17F33 /* EzClosure */ = {
			isa = PBXNativeTarget;
			buildConfigurationList = 1EE9AE8D1E4C119600B17F33 /* Build configuration list for PBXNativeTarget "EzClosure" */;
			buildPhases = (
				1EE9AE771E4C119600B17F33 /* Sources */,
				1EE9AE781E4C119600B17F33 /* Frameworks */,
				1EE9AE791E4C119600B17F33 /* Resources */,
			);
			buildRules = (
			);
			dependencies = (
			);
			name = EzClosure;
			productName = EzClosure;
			productReference = 1EE9AE7B1E4C119600B17F33 /* EzClosure.app */;
			productType = "com.apple.product-type.application";
		};
/* End PBXNativeTarget section */

/* Begin PBXProject section */
		1EE9AE731E4C119600B17F33 /* Project object */ = {
			isa = PBXProject;
			attributes = {
				LastSwiftUpdateCheck = 0800;
				LastUpgradeCheck = 0800;
				ORGANIZATIONNAME = tek4fun;
				TargetAttributes = {
					1EE9AE7A1E4C119600B17F33 = {
						CreatedOnToolsVersion = 8.0;
						ProvisioningStyle = Automatic;
					};
				};
			};
			buildConfigurationList = 1EE9AE761E4C119600B17F33 /* Build configuration list for PBXProject "EzClosure" */;
			compatibilityVersion = "Xcode 3.2";
			developmentRegion = English;
			hasScannedForEncodings = 0;
			knownRegions = (
				en,
				Base,
			);
			mainGroup = 1EE9AE721E4C119600B17F33;
			productRefGroup = 1EE9AE7C1E4C119600B17F33 /* Products */;
			projectDirPath = "";
			projectRoot = "";
			targets = (
				1EE9AE7A1E4C119600B17F33 /* EzClosure */,
			);
		};
/* End PBXProject section */

/* Begin PBXResourcesBuildPhase section */
		1EE9AE791E4C119600B17F33 /* Resources */ = {
			isa = PBXResourcesBuildPhase;
			buildActionMask = 2147483647;
			files = (
				1EE9AE891E4C119600B17F33 /* LaunchScreen.storyboard in Resources */,
				1E810FF41E4D707700490BF3 /* Cell.xib in Resources */,
				1EE9AE861E4C119600B17F33 /* Assets.xcassets in Resources */,
				1EE9AE841E4C119600B17F33 /* Main.storyboard in Resources */,
			);
			runOnlyForDeploymentPostprocessing = 0;
		};
/* End PBXResourcesBuildPhase section */

/* Begin PBXSourcesBuildPhase section */
		1EE9AE771E4C119600B17F33 /* Sources */ = {
			isa = PBXSourcesBuildPhase;
			buildActionMask = 2147483647;
			files = (
				1EE9AE811E4C119600B17F33 /* ViewController.swift in Sources */,
				1EE9AE7F1E4C119600B17F33 /* AppDelegate.swift in Sources */,
				1E810FF31E4D707700490BF3 /* Cell.swift in Sources */,
			);
			runOnlyForDeploymentPostprocessing = 0;
		};
/* End PBXSourcesBuildPhase section */

/* Begin PBXVariantGroup section */
		1EE9AE821E4C119600B17F33 /* Main.storyboard */ = {
			isa = PBXVariantGroup;
			children = (
				1EE9AE831E4C119600B17F33 /* Base */,
			);
			name = Main.storyboard;
			sourceTree = "<group>";
		};
		1EE9AE871E4C119600B17F33 /* LaunchScreen.storyboard */ = {
			isa = PBXVariantGroup;
			children = (
				1EE9AE881E4C119600B17F33 /* Base */,
			);
			name = LaunchScreen.storyboard;
			sourceTree = "<group>";
		};
/* End PBXVariantGroup section */

/* Begin XCBuildConfiguration section */
		1EE9AE8B1E4C119600B17F33 /* Debug */ = {
			isa = XCBuildConfiguration;
			buildSettings = {
				ALWAYS_SEARCH_USER_PATHS = NO;
				CLANG_ANALYZER_NONNULL = YES;
				CLANG_CXX_LANGUAGE_STANDARD = "gnu++0x";
				CLANG_CXX_LIBRARY = "libc++";
				CLANG_ENABLE_MODULES = YES;
				CLANG_ENABLE_OBJC_ARC = YES;
				CLANG_WARN_BOOL_CONVERSION = YES;
				CLANG_WARN_CONSTANT_CONVERSION = YES;
				CLANG_WARN_DIRECT_OBJC_ISA_USAGE = YES_ERROR;
				CLANG_WARN_DOCUMENTATION_COMMENTS = YES;
				CLANG_WARN_EMPTY_BODY = YES;
				CLANG_WARN_ENUM_CONVERSION = YES;
				CLANG_WARN_INFINITE_RECURSION = YES;
				CLANG_WARN_INT_CONVERSION = YES;
				CLANG_WARN_OBJC_ROOT_CLASS = YES_ERROR;
				CLANG_WARN_SUSPICIOUS_MOVES = YES;
				CLANG_WARN_UNREACHABLE_CODE = YES;
				CLANG_WARN__DUPLICATE_METHOD_MATCH = YES;
				"CODE_SIGN_IDENTITY[sdk=iphoneos*]" = "iPhone Developer";
				COPY_PHASE_STRIP = NO;
				DEBUG_INFORMATION_FORMAT = dwarf;
				ENABLE_STRICT_OBJC_MSGSEND = YES;
				ENABLE_TESTABILITY = YES;
				GCC_C_LANGUAGE_STANDARD = gnu99;
				GCC_DYNAMIC_NO_PIC = NO;
				GCC_NO_COMMON_BLOCKS = YES;
				GCC_OPTIMIZATION_LEVEL = 0;
				GCC_PREPROCESSOR_DEFINITIONS = (
					"DEBUG=1",
					"$(inherited)",
				);
				GCC_WARN_64_TO_32_BIT_CONVERSION = YES;
				GCC_WARN_ABOUT_RETURN_TYPE = YES_ERROR;
				GCC_WARN_UNDECLARED_SELECTOR = YES;
				GCC_WARN_UNINITIALIZED_AUTOS = YES_AGGRESSIVE;
				GCC_WARN_UNUSED_FUNCTION = YES;
				GCC_WARN_UNUSED_VARIABLE = YES;
				IPHONEOS_DEPLOYMENT_TARGET = 10.0;
				MTL_ENABLE_DEBUG_INFO = YES;
				ONLY_ACTIVE_ARCH = YES;
				SDKROOT = iphoneos;
				SWIFT_ACTIVE_COMPILATION_CONDITIONS = DEBUG;
				SWIFT_OPTIMIZATION_LEVEL = "-Onone";
				TARGETED_DEVICE_FAMILY = "1,2";
			};
			name = Debug;
		};
		1EE9AE8C1E4C119600B17F33 /* Release */ = {
			isa = XCBuildConfiguration;
			buildSettings = {
				ALWAYS_SEARCH_USER_PATHS = NO;
				CLANG_ANALYZER_NONNULL = YES;
				CLANG_CXX_LANGUAGE_STANDARD = "gnu++0x";
				CLANG_CXX_LIBRARY = "libc++";
				CLANG_ENABLE_MODULES = YES;
				CLANG_ENABLE_OBJC_ARC = YES;
				CLANG_WARN_BOOL_CONVERSION = YES;
				CLANG_WARN_CONSTANT_CONVERSION = YES;
				CLANG_WARN_DIRECT_OBJC_ISA_USAGE = YES_ERROR;
				CLANG_WARN_DOCUMENTATION_COMMENTS = YES;
				CLANG_WARN_EMPTY_BODY = YES;
				CLANG_WARN_ENUM_CONVERSION = YES;
				CLANG_WARN_INFINITE_RECURSION = YES;
				CLANG_WARN_INT_CONVERSION = YES;
				CLANG_WARN_OBJC_ROOT_CLASS = YES_ERROR;
				CLANG_WARN_SUSPICIOUS_MOVES = YES;
				CLANG_WARN_UNREACHABLE_CODE = YES;
				CLANG_WARN__DUPLICATE_METHOD_MATCH = YES;
				"CODE_SIGN_IDENTITY[sdk=iphoneos*]" = "iPhone Developer";
				COPY_PHASE_STRIP = NO;
				DEBUG_INFORMATION_FORMAT = "dwarf-with-dsym";
				ENABLE_NS_ASSERTIONS = NO;
				ENABLE_STRICT_OBJC_MSGSEND = YES;
				GCC_C_LANGUAGE_STANDARD = gnu99;
				GCC_NO_COMMON_BLOCKS = YES;
				GCC_WARN_64_TO_32_BIT_CONVERSION = YES;
				GCC_WARN_ABOUT_RETURN_TYPE = YES_ERROR;
				GCC_WARN_UNDECLARED_SELECTOR = YES;
				GCC_WARN_UNINITIALIZED_AUTOS = YES_AGGRESSIVE;
				GCC_WARN_UNUSED_FUNCTION = YES;
				GCC_WARN_UNUSED_VARIABLE = YES;
				IPHONEOS_DEPLOYMENT_TARGET = 10.0;
				MTL_ENABLE_DEBUG_INFO = NO;
				SDKROOT = iphoneos;
				SWIFT_OPTIMIZATION_LEVEL = "-Owholemodule";
				TARGETED_DEVICE_FAMILY = "1,2";
				VALIDATE_PRODUCT = YES;
			};
			name = Release;
		};
		1EE9AE8E1E4C119600B17F33 /* Debug */ = {
			isa = XCBuildConfiguration;
			buildSettings = {
				ASSETCATALOG_COMPILER_APPICON_NAME = AppIcon;
				INFOPLIST_FILE = EzClosure/Info.plist;
				LD_RUNPATH_SEARCH_PATHS = "$(inherited) @executable_path/Frameworks";
				PRODUCT_BUNDLE_IDENTIFIER = vn.techmaster.EzClosure;
				PRODUCT_NAME = "$(TARGET_NAME)";
				SWIFT_VERSION = 3.0;
			};
			name = Debug;
		};
		1EE9AE8F1E4C119600B17F33 /* Release */ = {
			isa = XCBuildConfiguration;
			buildSettings = {
				ASSETCATALOG_COMPILER_APPICON_NAME = AppIcon;
				INFOPLIST_FILE = EzClosure/Info.plist;
				LD_RUNPATH_SEARCH_PATHS = "$(inherited) @executable_path/Frameworks";
				PRODUCT_BUNDLE_IDENTIFIER = vn.techmaster.EzClosure;
				PRODUCT_NAME = "$(TARGET_NAME)";
				SWIFT_VERSION = 3.0;
			};
			name = Release;
		};
/* End XCBuildConfiguration section */

/* Begin XCConfigurationList section */
		1EE9AE761E4C119600B17F33 /* Build configuration list for PBXProject "EzClosure" */ = {
			isa = XCConfigurationList;
			buildConfigurations = (
				1EE9AE8B1E4C119600B17F33 /* Debug */,
				1EE9AE8C1E4C119600B17F33 /* Release */,
			);
			defaultConfigurationIsVisible = 0;
			defaultConfigurationName = Release;
		};
		1EE9AE8D1E4C119600B17F33 /* Build configuration list for PBXNativeTarget "EzClosure" */ = {
			isa = XCConfigurationList;
			buildConfigurations = (
				1EE9AE8E1E4C119600B17F33 /* Debug */,
				1EE9AE8F1E4C119600B17F33 /* Release */,
			);
			defaultConfigurationIsVisible = 0;
			defaultConfigurationName = Release;
		};
/* End XCConfigurationList section */
	};
	rootObject = 1EE9AE731E4C119600B17F33 /* Project object */;
}
